
Microsoft Visual Studio Solution File, Format Version 12.00
# Visual Studio 2012
Project("{FAE04EC0-301F-11D3-BF4B-00C04F79EFBC}") = "Xamarin.Forms.Platform.MonoGame", "Xamarin.Forms.Platform.MonoGame\Xamarin.Forms.Platform.MonoGame.csproj", "{D1A1616E-6EC9-4593-911E-53687CB96F5B}"
EndProject
Global
	GlobalSection(SolutionConfigurationPlatforms) = preSolution
		Debug|Any CPU = Debug|Any CPU
		Release|Any CPU = Release|Any CPU
	EndGlobalSection
	GlobalSection(ProjectConfigurationPlatforms) = postSolution
		{D1A1616E-6EC9-4593-911E-53687CB96F5B}.Debug|Any CPU.ActiveCfg = Debug|Any CPU
		{D1A1616E-6EC9-4593-911E-53687CB96F5B}.Debug|Any CPU.Build.0 = Debug|Any CPU
		{D1A1616E-6EC9-4593-911E-53687CB96F5B}.Release|Any CPU.ActiveCfg = Release|Any CPU
		{D1A1616E-6EC9-4593-911E-53687CB96F5B}.Release|Any CPU.Build.0 = Release|Any CPU
	EndGlobalSection
EndGlobal
